{
  "name": "cucumber-html-reporter",
  "version": "2.0.2",
  "lockfileVersion": 1,
  "requires": true,
  "dependencies": {
    "chai": {
      "version": "3.5.0",
      "resolved": "https://registry.npmjs.org/chai/-/chai-3.5.0.tgz",
      "integrity": "sha1-TQJjewZ/6Vi9v906QOxW/vc3Mkc=",
      "dev": true,
      "requires": {
        "assertion-error": "1.0.2",
        "deep-eql": "0.1.3",
        "type-detect": "1.0.0"
      },
      "dependencies": {
        "assertion-error": {
          "version": "1.0.2",
          "resolved": "https://registry.npmjs.org/assertion-error/-/assertion-error-1.0.2.tgz",
          "integrity": "sha1-E8pRXYYgbaC6xm6DTdOX2HWBCUw=",
          "dev": true
        },
        "deep-eql": {
          "version": "0.1.3",
          "resolved": "https://registry.npmjs.org/deep-eql/-/deep-eql-0.1.3.tgz",
          "integrity": "sha1-71WKyrjeJSBs1xOQbXTlaTDrafI=",
          "dev": true,
          "requires": {
            "type-detect": "0.1.1"
          },
          "dependencies": {
            "type-detect": {
              "version": "0.1.1",
              "resolved": "https://registry.npmjs.org/type-detect/-/type-detect-0.1.1.tgz",
              "integrity": "sha1-C6XsKohWQORw6k6FBZcZANrFiCI=",
              "dev": true
            }
          }
        },
        "type-detect": {
          "version": "1.0.0",
          "resolved": "https://registry.npmjs.org/type-detect/-/type-detect-1.0.0.tgz",
          "integrity": "sha1-diIXzAbbJY7EiQihKY6LlRIejqI=",
          "dev": true
        }
      }
    },
    "cucumber": {
      "version": "2.3.1",
      "resolved": "https://registry.npmjs.org/cucumber/-/cucumber-2.3.1.tgz",
      "integrity": "sha1-N5GlH/0MYUYq1X/bjtER1VtRzeM=",
      "dev": true,
      "requires": {
        "assertion-error-formatter": "2.0.0",
        "babel-runtime": "6.23.0",
        "bluebird": "3.5.0",
        "cli-table": "0.3.1",
        "colors": "1.1.2",
        "commander": "2.11.0",
        "cucumber-expressions": "3.0.0",
        "cucumber-tag-expressions": "1.0.1",
        "duration": "0.2.0",
        "figures": "2.0.0",
        "gherkin": "4.1.3",
        "glob": "7.1.2",
        "indent-string": "3.1.0",
        "is-generator": "1.0.3",
        "is-stream": "1.1.0",
        "lodash": "4.17.4",
        "mz": "2.6.0",
        "progress": "2.0.0",
        "resolve": "1.3.3",
        "stack-chain": "1.3.7",
        "stacktrace-js": "2.0.0",
        "string-argv": "0.0.2",
        "upper-case-first": "1.1.2",
        "util-arity": "1.1.0",
        "verror": "1.10.0"
      },
      "dependencies": {
        "any-promise": {
          "version": "1.3.0",
          "resolved": "https://registry.npmjs.org/any-promise/-/any-promise-1.3.0.tgz",
          "integrity": "sha1-q8av7tzqUugJzcA3au0845Y10X8=",
          "dev": true
        },
        "assert-plus": {
          "version": "1.0.0",
          "resolved": "https://registry.npmjs.org/assert-plus/-/assert-plus-1.0.0.tgz",
          "integrity": "sha1-8S4PPF13sLHN2RRpQuTpbB5N1SU=",
          "dev": true
        },
        "assertion-error-formatter": {
          "version": "2.0.0",
          "resolved": "https://registry.npmjs.org/assertion-error-formatter/-/assertion-error-formatter-2.0.0.tgz",
          "integrity": "sha1-F6JCicyEQIibVDGObRGH6+4tVJQ=",
          "dev": true,
          "requires": {
            "diff": "3.3.0",
            "pad-right": "0.2.2",
            "repeat-string": "1.6.1"
          }
        },
        "babel-runtime": {
          "version": "6.23.0",
          "resolved": "https://registry.npmjs.org/babel-runtime/-/babel-runtime-6.23.0.tgz",
          "integrity": "sha1-CpSJ8UTecO+zzkMArM2zKeL8VDs=",
          "dev": true,
          "requires": {
            "core-js": "2.4.1",
            "regenerator-runtime": "0.10.5"
          }
        },
        "balanced-match": {
          "version": "1.0.0",
          "resolved": "https://registry.npmjs.org/balanced-match/-/balanced-match-1.0.0.tgz",
          "integrity": "sha1-ibTRmasr7kneFk6gK4nORi1xt2c=",
          "dev": true
        },
        "bluebird": {
          "version": "3.5.0",
          "resolved": "https://registry.npmjs.org/bluebird/-/bluebird-3.5.0.tgz",
          "integrity": "sha1-eRQg1/VR7qKJdFOop3ZT+WYG1nw=",
          "dev": true
        },
        "brace-expansion": {
          "version": "1.1.8",
          "resolved": "https://registry.npmjs.org/brace-expansion/-/brace-expansion-1.1.8.tgz",
          "integrity": "sha1-wHshHHyVLsH479Uad+8NHTmQopI=",
          "dev": true,
          "requires": {
            "balanced-match": "1.0.0",
            "concat-map": "0.0.1"
          }
        },
        "cli-table": {
          "version": "0.3.1",
          "resolved": "https://registry.npmjs.org/cli-table/-/cli-table-0.3.1.tgz",
          "integrity": "sha1-9TsFJmqLGguTSz0IIebi3FkUriM=",
          "dev": true,
          "requires": {
            "colors": "1.0.3"
          },
          "dependencies": {
            "colors": {
              "version": "1.0.3",
              "resolved": "https://registry.npmjs.org/colors/-/colors-1.0.3.tgz",
              "integrity": "sha1-BDP0TYCWgP3rYO0mDxsMJi6CpAs=",
              "dev": true
            }
          }
        },
        "colors": {
          "version": "1.1.2",
          "resolved": "https://registry.npmjs.org/colors/-/colors-1.1.2.tgz",
          "integrity": "sha1-FopHAXVran9RoSzgyXv6KMCE7WM=",
          "dev": true
        },
        "commander": {
          "version": "2.11.0",
          "resolved": "https://registry.npmjs.org/commander/-/commander-2.11.0.tgz",
          "integrity": "sha512-b0553uYA5YAEGgyYIGYROzKQ7X5RAqedkfjiZxwi0kL1g3bOaBNNZfYkzt/CL0umgD5wc9Jec2FbB98CjkMRvQ==",
          "dev": true
        },
        "concat-map": {
          "version": "0.0.1",
          "resolved": "https://registry.npmjs.org/concat-map/-/concat-map-0.0.1.tgz",
          "integrity": "sha1-2Klr13/Wjfd5OnMDajug1UBdR3s=",
          "dev": true
        },
        "core-js": {
          "version": "2.4.1",
          "resolved": "https://registry.npmjs.org/core-js/-/core-js-2.4.1.tgz",
          "integrity": "sha1-TekR5mew6ukSTjQlS1OupvxhjT4=",
          "dev": true
        },
        "core-util-is": {
          "version": "1.0.2",
          "resolved": "https://registry.npmjs.org/core-util-is/-/core-util-is-1.0.2.tgz",
          "integrity": "sha1-tf1UIgqivFq1eqtxQMlAdUUDwac=",
          "dev": true
        },
        "cucumber-expressions": {
          "version": "3.0.0",
          "resolved": "https://registry.npmjs.org/cucumber-expressions/-/cucumber-expressions-3.0.0.tgz",
          "integrity": "sha1-TPQkgT2uOWzJ2rcUuBBLRZvvwyw=",
          "dev": true
        },
        "cucumber-tag-expressions": {
          "version": "1.0.1",
          "resolved": "https://registry.npmjs.org/cucumber-tag-expressions/-/cucumber-tag-expressions-1.0.1.tgz",
          "integrity": "sha1-1tPEMYCgP1+0/JV/4Tgt3OXLmsg=",
          "dev": true
        },
        "d": {
          "version": "0.1.1",
          "resolved": "https://registry.npmjs.org/d/-/d-0.1.1.tgz",
          "integrity": "sha1-2hhMU10Y2O57oqoim5FACfrhEwk=",
          "dev": true,
          "requires": {
            "es5-ext": "0.10.24"
          }
        },
        "diff": {
          "version": "3.3.0",
          "resolved": "https://registry.npmjs.org/diff/-/diff-3.3.0.tgz",
          "integrity": "sha512-w0XZubFWn0Adlsapj9EAWX0FqWdO4tz8kc3RiYdWLh4k/V8PTb6i0SMgXt0vRM3zyKnT8tKO7mUlieRQHIjMNg==",
          "dev": true
        },
        "duration": {
          "version": "0.2.0",
          "resolved": "https://registry.npmjs.org/duration/-/duration-0.2.0.tgz",
          "integrity": "sha1-X5xN+q//ZV3phhEu/iXFl43YUUY=",
          "dev": true,
          "requires": {
            "d": "0.1.1",
            "es5-ext": "0.10.24"
          }
        },
        "error-stack-parser": {
          "version": "2.0.1",
          "resolved": "https://registry.npmjs.org/error-stack-parser/-/error-stack-parser-2.0.1.tgz",
          "integrity": "sha1-oyArj7AxFKqbQKDjZp5IsrZaAQo=",
          "dev": true,
          "requires": {
            "stackframe": "1.0.3"
          }
        },
        "es5-ext": {
          "version": "0.10.24",
          "resolved": "https://registry.npmjs.org/es5-ext/-/es5-ext-0.10.24.tgz",
          "integrity": "sha1-pVh3yZJLwMjZvTwsvhdJWsFwmxQ=",
          "dev": true,
          "requires": {
            "es6-iterator": "2.0.1",
            "es6-symbol": "3.1.1"
          }
        },
        "es6-iterator": {
          "version": "2.0.1",
          "resolved": "https://registry.npmjs.org/es6-iterator/-/es6-iterator-2.0.1.tgz",
          "integrity": "sha1-jjGcnwRTv1ddN0lAplWSDlnKVRI=",
          "dev": true,
          "requires": {
            "d": "1.0.0",
            "es5-ext": "0.10.24",
            "es6-symbol": "3.1.1"
          },
          "dependencies": {
            "d": {
              "version": "1.0.0",
              "resolved": "https://registry.npmjs.org/d/-/d-1.0.0.tgz",
              "integrity": "sha1-dUu1v+VUUdpppYuU1F9MWwRi1Y8=",
              "dev": true,
              "requires": {
                "es5-ext": "0.10.24"
              }
            }
          }
        },
        "es6-symbol": {
          "version": "3.1.1",
          "resolved": "https://registry.npmjs.org/es6-symbol/-/es6-symbol-3.1.1.tgz",
          "integrity": "sha1-vwDvT9q2uhtG7Le2KbTH7VcVzHc=",
          "dev": true,
          "requires": {
            "d": "1.0.0",
            "es5-ext": "0.10.24"
          },
          "dependencies": {
            "d": {
              "version": "1.0.0",
              "resolved": "https://registry.npmjs.org/d/-/d-1.0.0.tgz",
              "integrity": "sha1-dUu1v+VUUdpppYuU1F9MWwRi1Y8=",
              "dev": true,
              "requires": {
                "es5-ext": "0.10.24"
              }
            }
          }
        },
        "escape-string-regexp": {
          "version": "1.0.5",
          "resolved": "https://registry.npmjs.org/escape-string-regexp/-/escape-string-regexp-1.0.5.tgz",
          "integrity": "sha1-G2HAViGQqN/2rjuyzwIAyhMLhtQ=",
          "dev": true
        },
        "extsprintf": {
          "version": "1.3.0",
          "resolved": "https://registry.npmjs.org/extsprintf/-/extsprintf-1.3.0.tgz",
          "integrity": "sha1-lpGEQOMEGnpBT4xS48V06zw+HgU=",
          "dev": true
        },
        "figures": {
          "version": "2.0.0",
          "resolved": "https://registry.npmjs.org/figures/-/figures-2.0.0.tgz",
          "integrity": "sha1-OrGi0qYsi/tDGgyUy3l6L84nyWI=",
          "dev": true,
          "requires": {
            "escape-string-regexp": "1.0.5"
          }
        },
        "fs.realpath": {
          "version": "1.0.0",
          "resolved": "https://registry.npmjs.org/fs.realpath/-/fs.realpath-1.0.0.tgz",
          "integrity": "sha1-FQStJSMVjKpA20onh8sBQRmU6k8=",
          "dev": true
        },
        "gherkin": {
          "version": "4.1.3",
          "resolved": "https://registry.npmjs.org/gherkin/-/gherkin-4.1.3.tgz",
          "integrity": "sha1-EWh9uTl235djMSWmsiKKGkv9+iQ=",
          "dev": true
        },
        "glob": {
          "version": "7.1.2",
          "resolved": "https://registry.npmjs.org/glob/-/glob-7.1.2.tgz",
          "integrity": "sha512-MJTUg1kjuLeQCJ+ccE4Vpa6kKVXkPYJ2mOCQyUuKLcLQsdrMCpBPUi8qVE6+YuaJkozeA9NusTAw3hLr8Xe5EQ==",
          "dev": true,
          "requires": {
            "fs.realpath": "1.0.0",
            "inflight": "1.0.6",
            "inherits": "2.0.3",
            "minimatch": "3.0.4",
            "once": "1.4.0",
            "path-is-absolute": "1.0.1"
          }
        },
        "indent-string": {
          "version": "3.1.0",
          "resolved": "https://registry.npmjs.org/indent-string/-/indent-string-3.1.0.tgz",
          "integrity": "sha1-CP9DNGAziDmbMp5rlTjcejz13n0=",
          "dev": true
        },
        "inflight": {
          "version": "1.0.6",
          "resolved": "https://registry.npmjs.org/inflight/-/inflight-1.0.6.tgz",
          "integrity": "sha1-Sb1jMdfQLQwJvJEKEHW6gWW1bfk=",
          "dev": true,
          "requires": {
            "once": "1.4.0",
            "wrappy": "1.0.2"
          }
        },
        "inherits": {
          "version": "2.0.3",
          "resolved": "https://registry.npmjs.org/inherits/-/inherits-2.0.3.tgz",
          "integrity": "sha1-Yzwsg+PaQqUC9SRmAiSA9CCCYd4=",
          "dev": true
        },
        "is-generator": {
          "version": "1.0.3",
          "resolved": "https://registry.npmjs.org/is-generator/-/is-generator-1.0.3.tgz",
          "integrity": "sha1-wUwhBX7TbjKNuANHlmxpP4hjifM=",
          "dev": true
        },
        "is-stream": {
          "version": "1.1.0",
          "resolved": "https://registry.npmjs.org/is-stream/-/is-stream-1.1.0.tgz",
          "integrity": "sha1-EtSj3U5o4Lec6428hBc66A2RykQ=",
          "dev": true
        },
        "minimatch": {
          "version": "3.0.4",
          "resolved": "https://registry.npmjs.org/minimatch/-/minimatch-3.0.4.tgz",
          "integrity": "sha512-yJHVQEhyqPLUTgt9B83PXu6W3rx4MvvHvSUvToogpwoGDOUQ+yDrR0HRot+yOCdCO7u4hX3pWft6kWBBcqh0UA==",
          "dev": true,
          "requires": {
            "brace-expansion": "1.1.8"
          }
        },
        "mz": {
          "version": "2.6.0",
          "resolved": "https://registry.npmjs.org/mz/-/mz-2.6.0.tgz",
          "integrity": "sha1-yLhSHZWN8KTydoAl22nHGe5O8c4=",
          "dev": true,
          "requires": {
            "any-promise": "1.3.0",
            "object-assign": "4.1.1",
            "thenify-all": "1.6.0"
          }
        },
        "object-assign": {
          "version": "4.1.1",
          "resolved": "https://registry.npmjs.org/object-assign/-/object-assign-4.1.1.tgz",
          "integrity": "sha1-IQmtx5ZYh8/AXLvUQsrIv7s2CGM=",
          "dev": true
        },
        "once": {
          "version": "1.4.0",
          "resolved": "https://registry.npmjs.org/once/-/once-1.4.0.tgz",
          "integrity": "sha1-WDsap3WWHUsROsF9nFC6753Xa9E=",
          "dev": true,
          "requires": {
            "wrappy": "1.0.2"
          }
        },
        "pad-right": {
          "version": "0.2.2",
          "resolved": "https://registry.npmjs.org/pad-right/-/pad-right-0.2.2.tgz",
          "integrity": "sha1-b7ySQEXSRPKiokRQMGDTv8YAl3Q=",
          "dev": true,
          "requires": {
            "repeat-string": "1.6.1"
          }
        },
        "path-is-absolute": {
          "version": "1.0.1",
          "resolved": "https://registry.npmjs.org/path-is-absolute/-/path-is-absolute-1.0.1.tgz",
          "integrity": "sha1-F0uSaHNVNP+8es5r9TpanhtcX18=",
          "dev": true
        },
        "path-parse": {
          "version": "1.0.5",
          "resolved": "https://registry.npmjs.org/path-parse/-/path-parse-1.0.5.tgz",
          "integrity": "sha1-PBrfhx6pzWyUMbbqK9dKD/BVxME=",
          "dev": true
        },
        "progress": {
          "version": "2.0.0",
          "resolved": "https://registry.npmjs.org/progress/-/progress-2.0.0.tgz",
          "integrity": "sha1-ihvjZr+Pwj2yvSPxDG/pILQ4nR8=",
          "dev": true
        },
        "regenerator-runtime": {
          "version": "0.10.5",
          "resolved": "https://registry.npmjs.org/regenerator-runtime/-/regenerator-runtime-0.10.5.tgz",
          "integrity": "sha1-M2w+/BIgrc7dosn6tntaeVWjNlg=",
          "dev": true
        },
        "repeat-string": {
          "version": "1.6.1",
          "resolved": "https://registry.npmjs.org/repeat-string/-/repeat-string-1.6.1.tgz",
          "integrity": "sha1-jcrkcOHIirwtYA//Sndihtp15jc=",
          "dev": true
        },
        "resolve": {
          "version": "1.3.3",
          "resolved": "https://registry.npmjs.org/resolve/-/resolve-1.3.3.tgz",
          "integrity": "sha1-ZVkHw0aahoDcLeOidaj91paR8OU=",
          "dev": true,
          "requires": {
            "path-parse": "1.0.5"
          }
        },
        "source-map": {
          "version": "0.5.6",
          "resolved": "https://registry.npmjs.org/source-map/-/source-map-0.5.6.tgz",
          "integrity": "sha1-dc449SvwczxafwwRjYEzSiu19BI=",
          "dev": true
        },
        "stack-chain": {
          "version": "1.3.7",
          "resolved": "https://registry.npmjs.org/stack-chain/-/stack-chain-1.3.7.tgz",
          "integrity": "sha1-0ZLJ/06moiyUxN1FkXHj8AzqEoU=",
          "dev": true
        },
        "stack-generator": {
          "version": "2.0.1",
          "resolved": "https://registry.npmjs.org/stack-generator/-/stack-generator-2.0.1.tgz",
          "integrity": "sha1-s32LDZoqblLAbMjhhfmPGZ+2OAQ=",
          "dev": true,
          "requires": {
            "stackframe": "1.0.3"
          }
        },
        "stackframe": {
          "version": "1.0.3",
          "resolved": "https://registry.npmjs.org/stackframe/-/stackframe-1.0.3.tgz",
          "integrity": "sha1-/mSrILFw5M5JBEsSbBGd+g5dx8w=",
          "dev": true
        },
        "stacktrace-gps": {
          "version": "3.0.1",
          "resolved": "https://registry.npmjs.org/stacktrace-gps/-/stacktrace-gps-3.0.1.tgz",
          "integrity": "sha1-Hm9Jl4QdK1vaurnmEX6WXrvmQoY=",
          "dev": true,
          "requires": {
            "source-map": "0.5.6",
            "stackframe": "1.0.3"
          }
        },
        "stacktrace-js": {
          "version": "2.0.0",
          "resolved": "https://registry.npmjs.org/stacktrace-js/-/stacktrace-js-2.0.0.tgz",
          "integrity": "sha1-d2ymRqlbxsayuQd2U2p/xyxt21g=",
          "dev": true,
          "requires": {
            "error-stack-parser": "2.0.1",
            "stack-generator": "2.0.1",
            "stacktrace-gps": "3.0.1"
          }
        },
        "string-argv": {
          "version": "0.0.2",
          "resolved": "https://registry.npmjs.org/string-argv/-/string-argv-0.0.2.tgz",
          "integrity": "sha1-2sMECGkMIfPDYwo/86BYd73L1zY=",
          "dev": true
        },
        "thenify": {
          "version": "3.3.0",
          "resolved": "https://registry.npmjs.org/thenify/-/thenify-3.3.0.tgz",
          "integrity": "sha1-5p44obq+lpsBCCB5eLn2K4hgSDk=",
          "dev": true,
          "requires": {
            "any-promise": "1.3.0"
          }
        },
        "thenify-all": {
          "version": "1.6.0",
          "resolved": "https://registry.npmjs.org/thenify-all/-/thenify-all-1.6.0.tgz",
          "integrity": "sha1-GhkY1ALY/D+Y+/I02wvMjMEOlyY=",
          "dev": true,
          "requires": {
            "thenify": "3.3.0"
          }
        },
        "upper-case": {
          "version": "1.1.3",
          "resolved": "https://registry.npmjs.org/upper-case/-/upper-case-1.1.3.tgz",
          "integrity": "sha1-9rRQHC7EzdJrp4vnIilh3ndiFZg=",
          "dev": true
        },
        "upper-case-first": {
          "version": "1.1.2",
          "resolved": "https://registry.npmjs.org/upper-case-first/-/upper-case-first-1.1.2.tgz",
          "integrity": "sha1-XXm+3P8UQZUY/S7bCgUHybaFkRU=",
          "dev": true,
          "requires": {
            "upper-case": "1.1.3"
          }
        },
        "util-arity": {
          "version": "1.1.0",
          "resolved": "https://registry.npmjs.org/util-arity/-/util-arity-1.1.0.tgz",
          "integrity": "sha1-WdAa8f2z/t4KxOYysKtfbOl8kzA=",
          "dev": true
        },
        "verror": {
          "version": "1.10.0",
          "resolved": "https://registry.npmjs.org/verror/-/verror-1.10.0.tgz",
          "integrity": "sha1-OhBcoXBTr1XW4nDB+CiGguGNpAA=",
          "dev": true,
          "requires": {
            "assert-plus": "1.0.0",
            "core-util-is": "1.0.2",
            "extsprintf": "1.3.0"
          }
        },
        "wrappy": {
          "version": "1.0.2",
          "resolved": "https://registry.npmjs.org/wrappy/-/wrappy-1.0.2.tgz",
          "integrity": "sha1-tSQ9jz7BqjXxNkYFvA0QNuMKtp8=",
          "dev": true
        }
      }
    },
    "find": {
      "version": "0.2.7",
      "resolved": "https://registry.npmjs.org/find/-/find-0.2.7.tgz",
      "integrity": "sha1-evvQD48IxbYi+Xzab3FBc9VHuz8=",
      "requires": {
        "traverse-chain": "0.1.0"
      },
      "dependencies": {
        "traverse-chain": {
          "version": "0.1.0",
          "resolved": "https://registry.npmjs.org/traverse-chain/-/traverse-chain-0.1.0.tgz",
          "integrity": "sha1-YdvC1Ttp/2CRoSoWj9fUMxB+QPE="
        }
      }
    },
    "fs-extra": {
      "version": "3.0.1",
      "resolved": "https://registry.npmjs.org/fs-extra/-/fs-extra-3.0.1.tgz",
      "integrity": "sha1-N5TzeMWLNC6n27sjCVEJxLO2IpE=",
      "requires": {
        "graceful-fs": "4.1.11",
        "jsonfile": "3.0.1",
        "universalify": "0.1.0"
      },
      "dependencies": {
        "graceful-fs": {
          "version": "4.1.11",
          "resolved": "https://registry.npmjs.org/graceful-fs/-/graceful-fs-4.1.11.tgz",
          "integrity": "sha1-Dovf5NHduIVNZOBOp8AOKgJuVlg="
        },
        "universalify": {
          "version": "0.1.0",
          "resolved": "https://registry.npmjs.org/universalify/-/universalify-0.1.0.tgz",
          "integrity": "sha1-nrHEZR3rzGcMyU8adXYjMruWd3g="
        }
      }
    },
    "js-base64": {
      "version": "2.1.9",
      "resolved": "https://registry.npmjs.org/js-base64/-/js-base64-2.1.9.tgz",
      "integrity": "sha1-8OgK4DmkvWVLXygfyT8EqRSn/M4="
    },
    "jsonfile": {
      "version": "3.0.1",
      "resolved": "https://registry.npmjs.org/jsonfile/-/jsonfile-3.0.1.tgz",
      "integrity": "sha1-pezG9l9T9mLEQVx2daAzHQmS7GY=",
      "requires": {
        "graceful-fs": "4.1.11"
      },
      "dependencies": {
        "graceful-fs": {
          "version": "4.1.11",
          "resolved": "https://registry.npmjs.org/graceful-fs/-/graceful-fs-4.1.11.tgz",
          "integrity": "sha1-Dovf5NHduIVNZOBOp8AOKgJuVlg=",
          "optional": true
        }
      }
    },
    "lodash": {
      "version": "4.17.4",
      "resolved": "https://registry.npmjs.org/lodash/-/lodash-4.17.4.tgz",
      "integrity": "sha1-eCA6TRwyiuHYbcpkYONptX9AVa4="
    },
    "open": {
      "version": "0.0.5",
      "resolved": "https://registry.npmjs.org/open/-/open-0.0.5.tgz",
      "integrity": "sha1-QsPhjslUZra/DcQvOilFw/DK2Pw="
    }
  }
}
