# THIS IS AN AUTOGENERATED FILE. DO NOT EDIT THIS FILE DIRECTLY.
# yarn lockfile v1


any-promise@^1.0.0:
  version "1.3.0"
  resolved "https://registry.yarnpkg.com/any-promise/-/any-promise-1.3.0.tgz#abc6afeedcea52e809cdc0376aed3ce39635d17f"

assert-plus@^1.0.0:
  version "1.0.0"
  resolved "https://registry.yarnpkg.com/assert-plus/-/assert-plus-1.0.0.tgz#f12e0f3c5d77b0b1cdd9146942e4e96c1e4dd525"

assertion-error-formatter@^2.0.1:
  version "2.0.1"
  resolved "https://registry.yarnpkg.com/assertion-error-formatter/-/assertion-error-formatter-2.0.1.tgz#6bbdffaec8e2fa9e2b0eb158bfe353132d7c0a9b"
  dependencies:
    diff "^3.0.0"
    pad-right "^0.2.2"
    repeat-string "^1.6.1"

assertion-error@^1.0.1:
  version "1.1.0"
  resolved "https://registry.yarnpkg.com/assertion-error/-/assertion-error-1.1.0.tgz#e60b6b0e8f301bd97e5375215bda406c85118c0b"

babel-runtime@^6.11.6:
  version "6.26.0"
  resolved "https://registry.yarnpkg.com/babel-runtime/-/babel-runtime-6.26.0.tgz#965c7058668e82b55d7bfe04ff2337bc8b5647fe"
  dependencies:
    core-js "^2.4.0"
    regenerator-runtime "^0.11.0"

balanced-match@^1.0.0:
  version "1.0.0"
  resolved "https://registry.yarnpkg.com/balanced-match/-/balanced-match-1.0.0.tgz#89b4d199ab2bee49de164ea02b89ce462d71b767"

becke-ch--regex--s0-0-v1--base--pl--lib@^1.2.0:
  version "1.2.0"
  resolved "https://registry.yarnpkg.com/becke-ch--regex--s0-0-v1--base--pl--lib/-/becke-ch--regex--s0-0-v1--base--pl--lib-1.2.0.tgz#2e73e9d21f2c2e6f5a5454045636f0ab93e46130"

bluebird@^3.4.1:
  version "3.5.1"
  resolved "https://registry.yarnpkg.com/bluebird/-/bluebird-3.5.1.tgz#d9551f9de98f1fcda1e683d17ee91a0602ee2eb9"

brace-expansion@^1.1.7:
  version "1.1.8"
  resolved "https://registry.yarnpkg.com/brace-expansion/-/brace-expansion-1.1.8.tgz#c07b211c7c952ec1f8efd51a77ef0d1d3990a292"
  dependencies:
    balanced-match "^1.0.0"
    concat-map "0.0.1"

chai@^3.5.0:
  version "3.5.0"
  resolved "https://registry.yarnpkg.com/chai/-/chai-3.5.0.tgz#4d02637b067fe958bdbfdd3a40ec56fef7373247"
  dependencies:
    assertion-error "^1.0.1"
    deep-eql "^0.1.3"
    type-detect "^1.0.0"

cli-table@^0.3.1:
  version "0.3.1"
  resolved "https://registry.yarnpkg.com/cli-table/-/cli-table-0.3.1.tgz#f53b05266a8b1a0b934b3d0821e6e2dc5914ae23"
  dependencies:
    colors "1.0.3"

colors@1.0.3:
  version "1.0.3"
  resolved "https://registry.yarnpkg.com/colors/-/colors-1.0.3.tgz#0433f44d809680fdeb60ed260f1b0c262e82a40b"

colors@^1.1.2:
  version "1.1.2"
  resolved "https://registry.yarnpkg.com/colors/-/colors-1.1.2.tgz#168a4701756b6a7f51a12ce0c97bfa28c084ed63"

commander@^2.9.0:
  version "2.13.0"
  resolved "https://registry.yarnpkg.com/commander/-/commander-2.13.0.tgz#6964bca67685df7c1f1430c584f07d7597885b9c"

concat-map@0.0.1:
  version "0.0.1"
  resolved "https://registry.yarnpkg.com/concat-map/-/concat-map-0.0.1.tgz#d8a96bd77fd68df7793a73036a3ba0d5405d477b"

core-js@^2.4.0:
  version "2.5.3"
  resolved "https://registry.yarnpkg.com/core-js/-/core-js-2.5.3.tgz#8acc38345824f16d8365b7c9b4259168e8ed603e"

core-util-is@1.0.2:
  version "1.0.2"
  resolved "https://registry.yarnpkg.com/core-util-is/-/core-util-is-1.0.2.tgz#b5fd54220aa2bc5ab57aab7140c940754503c1a7"

cucumber-expressions@^5.0.7:
  version "5.0.13"
  resolved "https://registry.yarnpkg.com/cucumber-expressions/-/cucumber-expressions-5.0.13.tgz#f174597dae6d2f0121294ac2ea65443249cf1587"
  dependencies:
    becke-ch--regex--s0-0-v1--base--pl--lib "^1.2.0"

cucumber-tag-expressions@^1.1.1:
  version "1.1.1"
  resolved "https://registry.yarnpkg.com/cucumber-tag-expressions/-/cucumber-tag-expressions-1.1.1.tgz#7f5c7b70009bc2b666591bfe64854578bedee85a"

cucumber@^4.0.0:
  version "4.0.0"
  resolved "https://registry.yarnpkg.com/cucumber/-/cucumber-4.0.0.tgz#09f078b852d817c8f818737d0dcc34d40f31534f"
  dependencies:
    assertion-error-formatter "^2.0.1"
    babel-runtime "^6.11.6"
    bluebird "^3.4.1"
    cli-table "^0.3.1"
    colors "^1.1.2"
    commander "^2.9.0"
    cucumber-expressions "^5.0.7"
    cucumber-tag-expressions "^1.1.1"
    duration "^0.2.0"
    escape-string-regexp "^1.0.5"
    figures "2.0.0"
    gherkin "^5.0.0"
    glob "^7.0.0"
    indent-string "^3.1.0"
    is-generator "^1.0.2"
    is-stream "^1.1.0"
    lodash "^4.17.4"
    mz "^2.4.0"
    progress "^2.0.0"
    resolve "^1.3.3"
    stack-chain "^2.0.0"
    stacktrace-js "^2.0.0"
    string-argv "0.0.2"
    title-case "^2.1.1"
    util-arity "^1.0.2"
    verror "^1.9.0"

d@1:
  version "1.0.0"
  resolved "https://registry.yarnpkg.com/d/-/d-1.0.0.tgz#754bb5bfe55451da69a58b94d45f4c5b0462d58f"
  dependencies:
    es5-ext "^0.10.9"

d@~0.1.1:
  version "0.1.1"
  resolved "https://registry.yarnpkg.com/d/-/d-0.1.1.tgz#da184c535d18d8ee7ba2aa229b914009fae11309"
  dependencies:
    es5-ext "~0.10.2"

deep-eql@^0.1.3:
  version "0.1.3"
  resolved "https://registry.yarnpkg.com/deep-eql/-/deep-eql-0.1.3.tgz#ef558acab8de25206cd713906d74e56930eb69f2"
  dependencies:
    type-detect "0.1.1"

diff@^3.0.0:
  version "3.4.0"
  resolved "https://registry.yarnpkg.com/diff/-/diff-3.4.0.tgz#b1d85507daf3964828de54b37d0d73ba67dda56c"

duration@^0.2.0:
  version "0.2.0"
  resolved "https://registry.yarnpkg.com/duration/-/duration-0.2.0.tgz#5f9c4dfaafff655de986112efe25c5978dd85146"
  dependencies:
    d "~0.1.1"
    es5-ext "~0.10.2"

error-stack-parser@^2.0.1:
  version "2.0.1"
  resolved "https://registry.yarnpkg.com/error-stack-parser/-/error-stack-parser-2.0.1.tgz#a3202b8fb03114aa9b40a0e3669e48b2b65a010a"
  dependencies:
    stackframe "^1.0.3"

es5-ext@^0.10.35, es5-ext@^0.10.9, es5-ext@~0.10.14, es5-ext@~0.10.2:
  version "0.10.38"
  resolved "https://registry.yarnpkg.com/es5-ext/-/es5-ext-0.10.38.tgz#fa7d40d65bbc9bb8a67e1d3f9cc656a00530eed3"
  dependencies:
    es6-iterator "~2.0.3"
    es6-symbol "~3.1.1"

es6-iterator@~2.0.3:
  version "2.0.3"
  resolved "https://registry.yarnpkg.com/es6-iterator/-/es6-iterator-2.0.3.tgz#a7de889141a05a94b0854403b2d0a0fbfa98f3b7"
  dependencies:
    d "1"
    es5-ext "^0.10.35"
    es6-symbol "^3.1.1"

es6-symbol@^3.1.1, es6-symbol@~3.1.1:
  version "3.1.1"
  resolved "https://registry.yarnpkg.com/es6-symbol/-/es6-symbol-3.1.1.tgz#bf00ef4fdab6ba1b46ecb7b629b4c7ed5715cc77"
  dependencies:
    d "1"
    es5-ext "~0.10.14"

escape-string-regexp@^1.0.5:
  version "1.0.5"
  resolved "https://registry.yarnpkg.com/escape-string-regexp/-/escape-string-regexp-1.0.5.tgz#1b61c0562190a8dff6ae3bb2cf0200ca130b86d4"

extsprintf@^1.2.0:
  version "1.4.0"
  resolved "https://registry.yarnpkg.com/extsprintf/-/extsprintf-1.4.0.tgz#e2689f8f356fad62cca65a3a91c5df5f9551692f"

figures@2.0.0:
  version "2.0.0"
  resolved "https://registry.yarnpkg.com/figures/-/figures-2.0.0.tgz#3ab1a2d2a62c8bfb431a0c94cb797a2fce27c962"
  dependencies:
    escape-string-regexp "^1.0.5"

find@^0.2.7:
  version "0.2.9"
  resolved "https://registry.yarnpkg.com/find/-/find-0.2.9.tgz#4b73f1ff9e56ad91b76e716407fe5ffe6554bb8c"
  dependencies:
    traverse-chain "~0.1.0"

fs-extra@^3.0.1:
  version "3.0.1"
  resolved "https://registry.yarnpkg.com/fs-extra/-/fs-extra-3.0.1.tgz#3794f378c58b342ea7dbbb23095109c4b3b62291"
  dependencies:
    graceful-fs "^4.1.2"
    jsonfile "^3.0.0"
    universalify "^0.1.0"

fs.realpath@^1.0.0:
  version "1.0.0"
  resolved "https://registry.yarnpkg.com/fs.realpath/-/fs.realpath-1.0.0.tgz#1504ad2523158caa40db4a2787cb01411994ea4f"

gherkin@^5.0.0:
  version "5.0.0"
  resolved "https://registry.yarnpkg.com/gherkin/-/gherkin-5.0.0.tgz#96def41198ec3908258b511af74f655a2764d2a1"

glob@^7.0.0:
  version "7.1.2"
  resolved "https://registry.yarnpkg.com/glob/-/glob-7.1.2.tgz#c19c9df9a028702d678612384a6552404c636d15"
  dependencies:
    fs.realpath "^1.0.0"
    inflight "^1.0.4"
    inherits "2"
    minimatch "^3.0.4"
    once "^1.3.0"
    path-is-absolute "^1.0.0"

graceful-fs@^4.1.2, graceful-fs@^4.1.6:
  version "4.1.11"
  resolved "https://registry.yarnpkg.com/graceful-fs/-/graceful-fs-4.1.11.tgz#0e8bdfe4d1ddb8854d64e04ea7c00e2a026e5658"

indent-string@^3.1.0:
  version "3.2.0"
  resolved "https://registry.yarnpkg.com/indent-string/-/indent-string-3.2.0.tgz#4a5fd6d27cc332f37e5419a504dbb837105c9289"

inflight@^1.0.4:
  version "1.0.6"
  resolved "https://registry.yarnpkg.com/inflight/-/inflight-1.0.6.tgz#49bd6331d7d02d0c09bc910a1075ba8165b56df9"
  dependencies:
    once "^1.3.0"
    wrappy "1"

inherits@2:
  version "2.0.3"
  resolved "https://registry.yarnpkg.com/inherits/-/inherits-2.0.3.tgz#633c2c83e3da42a502f52466022480f4208261de"

is-generator@^1.0.2:
  version "1.0.3"
  resolved "https://registry.yarnpkg.com/is-generator/-/is-generator-1.0.3.tgz#c14c21057ed36e328db80347966c693f886389f3"

is-stream@^1.1.0:
  version "1.1.0"
  resolved "https://registry.yarnpkg.com/is-stream/-/is-stream-1.1.0.tgz#12d4a3dd4e68e0b79ceb8dbc84173ae80d91ca44"

is-wsl@^1.1.0:
  version "1.1.0"
  resolved "https://registry.yarnpkg.com/is-wsl/-/is-wsl-1.1.0.tgz#1f16e4aa22b04d1336b66188a66af3c600c3a66d"

js-base64@^2.3.2:
  version "2.4.3"
  resolved "https://registry.yarnpkg.com/js-base64/-/js-base64-2.4.3.tgz#2e545ec2b0f2957f41356510205214e98fad6582"

jsonfile@^3.0.0:
  version "3.0.1"
  resolved "https://registry.yarnpkg.com/jsonfile/-/jsonfile-3.0.1.tgz#a5ecc6f65f53f662c4415c7675a0331d0992ec66"
  optionalDependencies:
    graceful-fs "^4.1.6"

lodash@^4.17.2, lodash@^4.17.4:
  version "4.17.4"
  resolved "https://registry.yarnpkg.com/lodash/-/lodash-4.17.4.tgz#78203a4d1c328ae1d86dca6460e369b57f4055ae"

lower-case@^1.1.1:
  version "1.1.4"
  resolved "https://registry.yarnpkg.com/lower-case/-/lower-case-1.1.4.tgz#9a2cabd1b9e8e0ae993a4bf7d5875c39c42e8eac"

minimatch@^3.0.4:
  version "3.0.4"
  resolved "https://registry.yarnpkg.com/minimatch/-/minimatch-3.0.4.tgz#5166e286457f03306064be5497e8dbb0c3d32083"
  dependencies:
    brace-expansion "^1.1.7"

mz@^2.4.0:
  version "2.7.0"
  resolved "https://registry.yarnpkg.com/mz/-/mz-2.7.0.tgz#95008057a56cafadc2bc63dde7f9ff6955948e32"
  dependencies:
    any-promise "^1.0.0"
    object-assign "^4.0.1"
    thenify-all "^1.0.0"

no-case@^2.2.0:
  version "2.3.2"
  resolved "https://registry.yarnpkg.com/no-case/-/no-case-2.3.2.tgz#60b813396be39b3f1288a4c1ed5d1e7d28b464ac"
  dependencies:
    lower-case "^1.1.1"

object-assign@^4.0.1:
  version "4.1.1"
  resolved "https://registry.yarnpkg.com/object-assign/-/object-assign-4.1.1.tgz#2109adc7965887cfc05cbbd442cac8bfbb360863"

once@^1.3.0:
  version "1.4.0"
  resolved "https://registry.yarnpkg.com/once/-/once-1.4.0.tgz#583b1aa775961d4b113ac17d9c50baef9dd76bd1"
  dependencies:
    wrappy "1"

opn@5.3.0:
  version "5.3.0"
  resolved "https://registry.yarnpkg.com/opn/-/opn-5.3.0.tgz#64871565c863875f052cfdf53d3e3cb5adb53b1c"
  dependencies:
    is-wsl "^1.1.0"

pad-right@^0.2.2:
  version "0.2.2"
  resolved "https://registry.yarnpkg.com/pad-right/-/pad-right-0.2.2.tgz#6fbc924045d244f2a2a244503060d3bfc6009774"
  dependencies:
    repeat-string "^1.5.2"

path-is-absolute@^1.0.0:
  version "1.0.1"
  resolved "https://registry.yarnpkg.com/path-is-absolute/-/path-is-absolute-1.0.1.tgz#174b9268735534ffbc7ace6bf53a5a9e1b5c5f5f"

path-parse@^1.0.5:
  version "1.0.5"
  resolved "https://registry.yarnpkg.com/path-parse/-/path-parse-1.0.5.tgz#3c1adf871ea9cd6c9431b6ea2bd74a0ff055c4c1"

progress@^2.0.0:
  version "2.0.0"
  resolved "https://registry.yarnpkg.com/progress/-/progress-2.0.0.tgz#8a1be366bf8fc23db2bd23f10c6fe920b4389d1f"

regenerator-runtime@^0.11.0:
  version "0.11.1"
  resolved "https://registry.yarnpkg.com/regenerator-runtime/-/regenerator-runtime-0.11.1.tgz#be05ad7f9bf7d22e056f9726cee5017fbf19e2e9"

repeat-string@^1.5.2, repeat-string@^1.6.1:
  version "1.6.1"
  resolved "https://registry.yarnpkg.com/repeat-string/-/repeat-string-1.6.1.tgz#8dcae470e1c88abc2d600fff4a776286da75e637"

resolve@^1.3.3:
  version "1.5.0"
  resolved "https://registry.yarnpkg.com/resolve/-/resolve-1.5.0.tgz#1f09acce796c9a762579f31b2c1cc4c3cddf9f36"
  dependencies:
    path-parse "^1.0.5"

source-map@0.5.6:
  version "0.5.6"
  resolved "https://registry.yarnpkg.com/source-map/-/source-map-0.5.6.tgz#75ce38f52bf0733c5a7f0c118d81334a2bb5f412"

stack-chain@^2.0.0:
  version "2.0.0"
  resolved "https://registry.yarnpkg.com/stack-chain/-/stack-chain-2.0.0.tgz#d73d1172af89565f07438b5bcc086831b6689b2d"

stack-generator@^2.0.1:
  version "2.0.2"
  resolved "https://registry.yarnpkg.com/stack-generator/-/stack-generator-2.0.2.tgz#3c13d952a596ab9318fec0669d0a1df8b87176c7"
  dependencies:
    stackframe "^1.0.4"

stackframe@^1.0.3, stackframe@^1.0.4:
  version "1.0.4"
  resolved "https://registry.yarnpkg.com/stackframe/-/stackframe-1.0.4.tgz#357b24a992f9427cba6b545d96a14ed2cbca187b"

stacktrace-gps@^3.0.1:
  version "3.0.2"
  resolved "https://registry.yarnpkg.com/stacktrace-gps/-/stacktrace-gps-3.0.2.tgz#33f8baa4467323ab2bd1816efa279942ba431ccc"
  dependencies:
    source-map "0.5.6"
    stackframe "^1.0.4"

stacktrace-js@^2.0.0:
  version "2.0.0"
  resolved "https://registry.yarnpkg.com/stacktrace-js/-/stacktrace-js-2.0.0.tgz#776ca646a95bc6c6b2b90776536a7fc72c6ddb58"
  dependencies:
    error-stack-parser "^2.0.1"
    stack-generator "^2.0.1"
    stacktrace-gps "^3.0.1"

string-argv@0.0.2:
  version "0.0.2"
  resolved "https://registry.yarnpkg.com/string-argv/-/string-argv-0.0.2.tgz#dac30408690c21f3c3630a3ff3a05877bdcbd736"

thenify-all@^1.0.0:
  version "1.6.0"
  resolved "https://registry.yarnpkg.com/thenify-all/-/thenify-all-1.6.0.tgz#1a1918d402d8fc3f98fbf234db0bcc8cc10e9726"
  dependencies:
    thenify ">= 3.1.0 < 4"

"thenify@>= 3.1.0 < 4":
  version "3.3.0"
  resolved "https://registry.yarnpkg.com/thenify/-/thenify-3.3.0.tgz#e69e38a1babe969b0108207978b9f62b88604839"
  dependencies:
    any-promise "^1.0.0"

title-case@^2.1.1:
  version "2.1.1"
  resolved "https://registry.yarnpkg.com/title-case/-/title-case-2.1.1.tgz#3e127216da58d2bc5becf137ab91dae3a7cd8faa"
  dependencies:
    no-case "^2.2.0"
    upper-case "^1.0.3"

traverse-chain@~0.1.0:
  version "0.1.0"
  resolved "https://registry.yarnpkg.com/traverse-chain/-/traverse-chain-0.1.0.tgz#61dbc2d53b69ff6091a12a168fd7d433107e40f1"

type-detect@0.1.1:
  version "0.1.1"
  resolved "https://registry.yarnpkg.com/type-detect/-/type-detect-0.1.1.tgz#0ba5ec2a885640e470ea4e8505971900dac58822"

type-detect@^1.0.0:
  version "1.0.0"
  resolved "https://registry.yarnpkg.com/type-detect/-/type-detect-1.0.0.tgz#762217cc06db258ec48908a1298e8b95121e8ea2"

universalify@^0.1.0:
  version "0.1.1"
  resolved "https://registry.yarnpkg.com/universalify/-/universalify-0.1.1.tgz#fa71badd4437af4c148841e3b3b165f9e9e590b7"

upper-case@^1.0.3:
  version "1.1.3"
  resolved "https://registry.yarnpkg.com/upper-case/-/upper-case-1.1.3.tgz#f6b4501c2ec4cdd26ba78be7222961de77621598"

util-arity@^1.0.2:
  version "1.1.0"
  resolved "https://registry.yarnpkg.com/util-arity/-/util-arity-1.1.0.tgz#59d01af1fdb3fede0ac4e632b0ab5f6ce97c9330"

verror@^1.9.0:
  version "1.10.0"
  resolved "https://registry.yarnpkg.com/verror/-/verror-1.10.0.tgz#3a105ca17053af55d6e270c1f8288682e18da400"
  dependencies:
    assert-plus "^1.0.0"
    core-util-is "1.0.2"
    extsprintf "^1.2.0"

wrappy@1:
  version "1.0.2"
  resolved "https://registry.yarnpkg.com/wrappy/-/wrappy-1.0.2.tgz#b5243d8f3ec1aa35f1364605bc0d1036e30ab69f"
